github.com/ethereum/go-ethereum v1.12.2 h1:eGHJ4ij7oyVqUQn48LBz3B7pvQ8sV0wGJiIE6gDq/6Y=
github.com/ethereum/go-ethereum v1.12.2/go.mod h1:1cRAEV+rp/xX0zraSCBnu9Py3HQ+geRMj3HdR+k0wfI=
github.com/holiman/uint256 v1.2.3 h1:K8UWO1HUJpRMXBxbmaY1Y8IAMZC/RsKB+ArEnnK4l5o=
github.com/holiman/uint256 v1.2.3/go.mod h1:SC8Ryt4n+UBbPbIBKaG9zbbDlp4jOru9xFZmPzLUTxw=
golang.org/x/crypto v0.12.0 h1:tFM/ta59kqch6LlvYnPa0yx5a83cL2nHflFhYKvv9Yk=
golang.org/x/crypto v0.12.0/go.mod h1:NF0Gs7EO5K4qLn+Ylc+fih8BSTeIjAP05siRnAh98yw=
